// !$*UTF8*$!
{
	archiveVersion = 1;
	classes = {
	};
	objectVersion = 50;
	objects = {

/* Begin PBXBuildFile section */
		1526F68523CFE77C005C1479 /* Golf.storyboard in Resources */ = {isa = PBXBuildFile; fileRef = 1526F68423CFE77C005C1479 /* Golf.storyboard */; };
		1526F68723CFEA39005C1479 /* golfball.png in Resources */ = {isa = PBXBuildFile; fileRef = 1526F68623CFEA39005C1479 /* golfball.png */; };
		1526F68923CFEA6C005C1479 /* GolfController.m in Sources */ = {isa = PBXBuildFile; fileRef = 1526F68823CFEA6C005C1479 /* GolfController.m */; };
		1526F68D23CFEAA9005C1479 /* GolfController.c in Sources */ = {isa = PBXBuildFile; fileRef = 1526F68C23CFEAA9005C1479 /* GolfController.c */; };
		6D5429B523708A0A0059C604 /* AppDelegate.m in Sources */ = {isa = PBXBuildFile; fileRef = 6D5429B423708A0A0059C604 /* AppDelegate.m */; };
		6D5429B823708A0A0059C604 /* SceneDelegate.m in Sources */ = {isa = PBXBuildFile; fileRef = 6D5429B723708A0A0059C604 /* SceneDelegate.m */; };
		6D5429BB23708A0A0059C604 /* CalcController.m in Sources */ = {isa = PBXBuildFile; fileRef = 6D5429BA23708A0A0059C604 /* CalcController.m */; };
		6D5429BE23708A0A0059C604 /* Main.storyboard in Resources */ = {isa = PBXBuildFile; fileRef = 6D5429BC23708A0A0059C604 /* Main.storyboard */; };
		6D5429C023708A0C0059C604 /* Assets.xcassets in Resources */ = {isa = PBXBuildFile; fileRef = 6D5429BF23708A0C0059C604 /* Assets.xcassets */; };
		6D5429C323708A0C0059C604 /* LaunchScreen.storyboard in Resources */ = {isa = PBXBuildFile; fileRef = 6D5429C123708A0C0059C604 /* LaunchScreen.storyboard */; };
		6D5429C623708A0C0059C604 /* main.m in Sources */ = {isa = PBXBuildFile; fileRef = 6D5429C523708A0C0059C604 /* main.m */; };
		6DB666072371E7D600A89134 /* Calculator.storyboard in Resources */ = {isa = PBXBuildFile; fileRef = 6DB666062371E7D600A89134 /* Calculator.storyboard */; };
		6DB666152372033B00A89134 /* Pythagoras.storyboard in Resources */ = {isa = PBXBuildFile; fileRef = 6DB666142372033B00A89134 /* Pythagoras.storyboard */; };
		6DB6661F23724E2100A89134 /* calc.c in Sources */ = {isa = PBXBuildFile; fileRef = 6DB6661E23724E2100A89134 /* calc.c */; };
		C4DAD3F6237CA63E00EA135B /* PythController.m in Sources */ = {isa = PBXBuildFile; fileRef = C4DAD3F5237CA63E00EA135B /* PythController.m */; };
		C4DAD403237CBDE400EA135B /* fileparse.c in Sources */ = {isa = PBXBuildFile; fileRef = C4DAD402237CBDE400EA135B /* fileparse.c */; };
		C4DAD405237CC38200EA135B /* Square.storyboard in Resources */ = {isa = PBXBuildFile; fileRef = C4DAD404237CC38200EA135B /* Square.storyboard */; };
		C4DAD407237CC42700EA135B /* SquareController.m in Sources */ = {isa = PBXBuildFile; fileRef = C4DAD406237CC42700EA135B /* SquareController.m */; };
/* End PBXBuildFile section */

/* Begin PBXFileReference section */
		1526F68423CFE77C005C1479 /* Golf.storyboard */ = {isa = PBXFileReference; lastKnownFileType = file.storyboard; path = Golf.storyboard; sourceTree = "<group>"; };
		1526F68623CFEA39005C1479 /* golfball.png */ = {isa = PBXFileReference; lastKnownFileType = image.png; name = golfball.png; path = ../../golfball.png; sourceTree = "<group>"; };
		1526F68823CFEA6C005C1479 /* GolfController.m */ = {isa = PBXFileReference; lastKnownFileType = sourcecode.c.objc; path = GolfController.m; sourceTree = "<group>"; };
		1526F68A23CFEA7D005C1479 /* GolfController.h */ = {isa = PBXFileReference; lastKnownFileType = sourcecode.c.h; path = GolfController.h; sourceTree = "<group>"; };
		1526F68C23CFEAA9005C1479 /* GolfController.c */ = {isa = PBXFileReference; lastKnownFileType = sourcecode.c.c; path = GolfController.c; sourceTree = "<group>"; };
		6D5429B023708A0A0059C604 /* Uiportfolio.app */ = {isa = PBXFileReference; explicitFileType = wrapper.application; includeInIndex = 0; path = Uiportfolio.app; sourceTree = BUILT_PRODUCTS_DIR; };
		6D5429B323708A0A0059C604 /* AppDelegate.h */ = {isa = PBXFileReference; lastKnownFileType = sourcecode.c.h; path = AppDelegate.h; sourceTree = "<group>"; };
		6D5429B423708A0A0059C604 /* AppDelegate.m */ = {isa = PBXFileReference; lastKnownFileType = sourcecode.c.objc; path = AppDelegate.m; sourceTree = "<group>"; };
		6D5429B623708A0A0059C604 /* SceneDelegate.h */ = {isa = PBXFileReference; lastKnownFileType = sourcecode.c.h; path = SceneDelegate.h; sourceTree = "<group>"; };
		6D5429B723708A0A0059C604 /* SceneDelegate.m */ = {isa = PBXFileReference; lastKnownFileType = sourcecode.c.objc; path = SceneDelegate.m; sourceTree = "<group>"; };
		6D5429B923708A0A0059C604 /* CalcController.h */ = {isa = PBXFileReference; lastKnownFileType = sourcecode.c.h; path = CalcController.h; sourceTree = "<group>"; };
		6D5429BA23708A0A0059C604 /* CalcController.m */ = {isa = PBXFileReference; lastKnownFileType = sourcecode.c.objc; path = CalcController.m; sourceTree = "<group>"; };
		6D5429BD23708A0A0059C604 /* Base */ = {isa = PBXFileReference; lastKnownFileType = file.storyboard; name = Base; path = Base.lproj/Main.storyboard; sourceTree = "<group>"; };
		6D5429BF23708A0C0059C604 /* Assets.xcassets */ = {isa = PBXFileReference; lastKnownFileType = folder.assetcatalog; path = Assets.xcassets; sourceTree = "<group>"; };
		6D5429C223708A0C0059C604 /* Base */ = {isa = PBXFileReference; lastKnownFileType = file.storyboard; name = Base; path = Base.lproj/LaunchScreen.storyboard; sourceTree = "<group>"; };
		6D5429C423708A0C0059C604 /* Info.plist */ = {isa = PBXFileReference; lastKnownFileType = text.plist.xml; path = Info.plist; sourceTree = "<group>"; };
		6D5429C523708A0C0059C604 /* main.m */ = {isa = PBXFileReference; lastKnownFileType = sourcecode.c.objc; path = main.m; sourceTree = "<group>"; };
		6DB666062371E7D600A89134 /* Calculator.storyboard */ = {isa = PBXFileReference; lastKnownFileType = file.storyboard; path = Calculator.storyboard; sourceTree = "<group>"; };
		6DB666142372033B00A89134 /* Pythagoras.storyboard */ = {isa = PBXFileReference; lastKnownFileType = file.storyboard; path = Pythagoras.storyboard; sourceTree = "<group>"; };
		6DB6661E23724E2100A89134 /* calc.c */ = {isa = PBXFileReference; lastKnownFileType = sourcecode.c.c; path = calc.c; sourceTree = "<group>"; };
		C432116A237B795200E1E3C7 /* control.h */ = {isa = PBXFileReference; lastKnownFileType = sourcecode.c.h; path = control.h; sourceTree = "<group>"; };
		C4DAD3F4237CA63E00EA135B /* PythController.h */ = {isa = PBXFileReference; lastKnownFileType = sourcecode.c.h; path = PythController.h; sourceTree = "<group>"; };
		C4DAD3F5237CA63E00EA135B /* PythController.m */ = {isa = PBXFileReference; lastKnownFileType = sourcecode.c.objc; path = PythController.m; sourceTree = "<group>"; };
		C4DAD402237CBDE400EA135B /* fileparse.c */ = {isa = PBXFileReference; lastKnownFileType = sourcecode.c.c; path = fileparse.c; sourceTree = "<group>"; };
		C4DAD404237CC38200EA135B /* Square.storyboard */ = {isa = PBXFileReference; lastKnownFileType = file.storyboard; path = Square.storyboard; sourceTree = "<group>"; };
		C4DAD406237CC42700EA135B /* SquareController.m */ = {isa = PBXFileReference; lastKnownFileType = sourcecode.c.objc; path = SquareController.m; sourceTree = "<group>"; };
		C4DAD408237CC43800EA135B /* SquareController.h */ = {isa = PBXFileReference; lastKnownFileType = sourcecode.c.h; path = SquareController.h; sourceTree = "<group>"; };
/* End PBXFileReference section */

/* Begin PBXFrameworksBuildPhase section */
		6D5429AD23708A0A0059C604 /* Frameworks */ = {
			isa = PBXFrameworksBuildPhase;
			buildActionMask = 2147483647;
			files = (
			);
			runOnlyForDeploymentPostprocessing = 0;
		};
/* End PBXFrameworksBuildPhase section */

/* Begin PBXGroup section */
		6D5429A723708A0A0059C604 = {
			isa = PBXGroup;
			children = (
				6D5429B223708A0A0059C604 /* Uiportfolio */,
				6D5429B123708A0A0059C604 /* Products */,
			);
			sourceTree = "<group>";
		};
		6D5429B123708A0A0059C604 /* Products */ = {
			isa = PBXGroup;
			children = (
				6D5429B023708A0A0059C604 /* Uiportfolio.app */,
			);
			name = Products;
			sourceTree = "<group>";
		};
		6D5429B223708A0A0059C604 /* Uiportfolio */ = {
			isa = PBXGroup;
			children = (
				1526F68623CFEA39005C1479 /* golfball.png */,
				6D5429C523708A0C0059C604 /* main.m */,
				6D5429C423708A0C0059C604 /* Info.plist */,
				6DB66605237135FB00A89134 /* Models */,
				6DB66603237135DD00A89134 /* Views */,
				6DB66604237135ED00A89134 /* ViewControllers */,
				6DB6661C23724DD400A89134 /* Control */,
			);
			path = Uiportfolio;
			sourceTree = "<group>";
		};
		6DB66603237135DD00A89134 /* Views */ = {
			isa = PBXGroup;
			children = (
				6D5429C123708A0C0059C604 /* LaunchScreen.storyboard */,
				6D5429BC23708A0A0059C604 /* Main.storyboard */,
				6DB666062371E7D600A89134 /* Calculator.storyboard */,
				6DB666142372033B00A89134 /* Pythagoras.storyboard */,
				C4DAD404237CC38200EA135B /* Square.storyboard */,
				6D5429BF23708A0C0059C604 /* Assets.xcassets */,
				1526F68423CFE77C005C1479 /* Golf.storyboard */,
			);
			path = Views;
			sourceTree = "<group>";
		};
		6DB66604237135ED00A89134 /* ViewControllers */ = {
			isa = PBXGroup;
			children = (
				6D5429BA23708A0A0059C604 /* CalcController.m */,
				6D5429B923708A0A0059C604 /* CalcController.h */,
				C4DAD3F5237CA63E00EA135B /* PythController.m */,
				C4DAD3F4237CA63E00EA135B /* PythController.h */,
				C4DAD406237CC42700EA135B /* SquareController.m */,
				C4DAD408237CC43800EA135B /* SquareController.h */,
				1526F68823CFEA6C005C1479 /* GolfController.m */,
				1526F68A23CFEA7D005C1479 /* GolfController.h */,
			);
			path = ViewControllers;
			sourceTree = "<group>";
		};
		6DB66605237135FB00A89134 /* Models */ = {
			isa = PBXGroup;
			children = (
				6D5429B423708A0A0059C604 /* AppDelegate.m */,
				6D5429B323708A0A0059C604 /* AppDelegate.h */,
				6D5429B723708A0A0059C604 /* SceneDelegate.m */,
				6D5429B623708A0A0059C604 /* SceneDelegate.h */,
			);
			path = Models;
			sourceTree = "<group>";
		};
		6DB6661C23724DD400A89134 /* Control */ = {
			isa = PBXGroup;
			children = (
				C432116A237B795200E1E3C7 /* control.h */,
				6DB6661E23724E2100A89134 /* calc.c */,
				C4DAD402237CBDE400EA135B /* fileparse.c */,
				1526F68C23CFEAA9005C1479 /* GolfController.c */,
			);
			path = Control;
			sourceTree = "<group>";
		};
/* End PBXGroup section */

/* Begin PBXNativeTarget section */
		6D5429AF23708A0A0059C604 /* Uiportfolio */ = {
			isa = PBXNativeTarget;
			buildConfigurationList = 6D5429C923708A0C0059C604 /* Build configuration list for PBXNativeTarget "Uiportfolio" */;
			buildPhases = (
				6D5429AC23708A0A0059C604 /* Sources */,
				6D5429AD23708A0A0059C604 /* Frameworks */,
				6D5429AE23708A0A0059C604 /* Resources */,
			);
			buildRules = (
			);
			dependencies = (
			);
			name = Uiportfolio;
			productName = Uiportfolio;
			productReference = 6D5429B023708A0A0059C604 /* Uiportfolio.app */;
			productType = "com.apple.product-type.application";
		};
/* End PBXNativeTarget section */

/* Begin PBXProject section */
		6D5429A823708A0A0059C604 /* Project object */ = {
			isa = PBXProject;
			attributes = {
				LastUpgradeCheck = 1110;
				ORGANIZATIONNAME = JM;
				TargetAttributes = {
					6D5429AF23708A0A0059C604 = {
						CreatedOnToolsVersion = 11.1;
					};
				};
			};
			buildConfigurationList = 6D5429AB23708A0A0059C604 /* Build configuration list for PBXProject "Uiportfolio" */;
			compatibilityVersion = "Xcode 9.3";
			developmentRegion = en;
			hasScannedForEncodings = 0;
			knownRegions = (
				en,
				Base,
			);
			mainGroup = 6D5429A723708A0A0059C604;
			productRefGroup = 6D5429B123708A0A0059C604 /* Products */;
			projectDirPath = "";
			projectRoot = "";
			targets = (
				6D5429AF23708A0A0059C604 /* Uiportfolio */,
			);
		};
/* End PBXProject section */

/* Begin PBXResourcesBuildPhase section */
		6D5429AE23708A0A0059C604 /* Resources */ = {
			isa = PBXResourcesBuildPhase;
			buildActionMask = 2147483647;
			files = (
				C4DAD405237CC38200EA135B /* Square.storyboard in Resources */,
				6D5429C323708A0C0059C604 /* LaunchScreen.storyboard in Resources */,
				1526F68723CFEA39005C1479 /* golfball.png in Resources */,
				6D5429C023708A0C0059C604 /* Assets.xcassets in Resources */,
				6DB666072371E7D600A89134 /* Calculator.storyboard in Resources */,
				6DB666152372033B00A89134 /* Pythagoras.storyboard in Resources */,
				1526F68523CFE77C005C1479 /* Golf.storyboard in Resources */,
				6D5429BE23708A0A0059C604 /* Main.storyboard in Resources */,
			);
			runOnlyForDeploymentPostprocessing = 0;
		};
/* End PBXResourcesBuildPhase section */

/* Begin PBXSourcesBuildPhase section */
		6D5429AC23708A0A0059C604 /* Sources */ = {
			isa = PBXSourcesBuildPhase;
			buildActionMask = 2147483647;
			files = (
				6DB6661F23724E2100A89134 /* calc.c in Sources */,
				6D5429BB23708A0A0059C604 /* CalcController.m in Sources */,
				6D5429B523708A0A0059C604 /* AppDelegate.m in Sources */,
				1526F68923CFEA6C005C1479 /* GolfController.m in Sources */,
				C4DAD407237CC42700EA135B /* SquareController.m in Sources */,
				6D5429C623708A0C0059C604 /* main.m in Sources */,
				6D5429B823708A0A0059C604 /* SceneDelegate.m in Sources */,
				1526F68D23CFEAA9005C1479 /* GolfController.c in Sources */,
				C4DAD3F6237CA63E00EA135B /* PythController.m in Sources */,
				C4DAD403237CBDE400EA135B /* fileparse.c in Sources */,
			);
			runOnlyForDeploymentPostprocessing = 0;
		};
/* End PBXSourcesBuildPhase section */

/* Begin PBXVariantGroup section */
		6D5429BC23708A0A0059C604 /* Main.storyboard */ = {
			isa = PBXVariantGroup;
			children = (
				6D5429BD23708A0A0059C604 /* Base */,
			);
			name = Main.storyboard;
			sourceTree = "<group>";
		};
		6D5429C123708A0C0059C604 /* LaunchScreen.storyboard */ = {
			isa = PBXVariantGroup;
			children = (
				6D5429C223708A0C0059C604 /* Base */,
			);
			name = LaunchScreen.storyboard;
			sourceTree = "<group>";
		};
/* End PBXVariantGroup section */

/* Begin XCBuildConfiguration section */
		6D5429C723708A0C0059C604 /* Debug */ = {
			isa = XCBuildConfiguration;
			buildSettings = {
				ALWAYS_SEARCH_USER_PATHS = NO;
				CLANG_ANALYZER_NONNULL = YES;
				CLANG_ANALYZER_NUMBER_OBJECT_CONVERSION = YES_AGGRESSIVE;
				CLANG_CXX_LANGUAGE_STANDARD = "gnu++14";
				CLANG_CXX_LIBRARY = "libc++";
				CLANG_ENABLE_MODULES = YES;
				CLANG_ENABLE_OBJC_ARC = YES;
				CLANG_ENABLE_OBJC_WEAK = YES;
				CLANG_WARN_BLOCK_CAPTURE_AUTORELEASING = YES;
				CLANG_WARN_BOOL_CONVERSION = YES;
				CLANG_WARN_COMMA = YES;
				CLANG_WARN_CONSTANT_CONVERSION = YES;
				CLANG_WARN_DEPRECATED_OBJC_IMPLEMENTATIONS = YES;
				CLANG_WARN_DIRECT_OBJC_ISA_USAGE = YES_ERROR;
				CLANG_WARN_DOCUMENTATION_COMMENTS = YES;
				CLANG_WARN_EMPTY_BODY = YES;
				CLANG_WARN_ENUM_CONVERSION = YES;
				CLANG_WARN_INFINITE_RECURSION = YES;
				CLANG_WARN_INT_CONVERSION = YES;
				CLANG_WARN_NON_LITERAL_NULL_CONVERSION = YES;
				CLANG_WARN_OBJC_IMPLICIT_RETAIN_SELF = YES;
				CLANG_WARN_OBJC_LITERAL_CONVERSION = YES;
				CLANG_WARN_OBJC_ROOT_CLASS = YES_ERROR;
				CLANG_WARN_RANGE_LOOP_ANALYSIS = YES;
				CLANG_WARN_STRICT_PROTOTYPES = YES;
				CLANG_WARN_SUSPICIOUS_MOVE = YES;
				CLANG_WARN_UNGUARDED_AVAILABILITY = YES_AGGRESSIVE;
				CLANG_WARN_UNREACHABLE_CODE = YES;
				CLANG_WARN__DUPLICATE_METHOD_MATCH = YES;
				COPY_PHASE_STRIP = NO;
				DEBUG_INFORMATION_FORMAT = dwarf;
				ENABLE_STRICT_OBJC_MSGSEND = YES;
				ENABLE_TESTABILITY = YES;
				GCC_C_LANGUAGE_STANDARD = gnu11;
				GCC_DYNAMIC_NO_PIC = NO;
				GCC_NO_COMMON_BLOCKS = YES;
				GCC_OPTIMIZATION_LEVEL = 0;
				GCC_PREPROCESSOR_DEFINITIONS = (
					"DEBUG=1",
					"$(inherited)",
				);
				GCC_WARN_64_TO_32_BIT_CONVERSION = YES;
				GCC_WARN_ABOUT_RETURN_TYPE = YES_ERROR;
				GCC_WARN_UNDECLARED_SELECTOR = YES;
				GCC_WARN_UNINITIALIZED_AUTOS = YES_AGGRESSIVE;
				GCC_WARN_UNUSED_FUNCTION = YES;
				GCC_WARN_UNUSED_VARIABLE = YES;
				IPHONEOS_DEPLOYMENT_TARGET = 13.1;
				MTL_ENABLE_DEBUG_INFO = INCLUDE_SOURCE;
				MTL_FAST_MATH = YES;
				ONLY_ACTIVE_ARCH = YES;
				SDKROOT = iphoneos;
			};
			name = Debug;
		};
		6D5429C823708A0C0059C604 /* Release */ = {
			isa = XCBuildConfiguration;
			buildSettings = {
				ALWAYS_SEARCH_USER_PATHS = NO;
				CLANG_ANALYZER_NONNULL = YES;
				CLANG_ANALYZER_NUMBER_OBJECT_CONVERSION = YES_AGGRESSIVE;
				CLANG_CXX_LANGUAGE_STANDARD = "gnu++14";
				CLANG_CXX_LIBRARY = "libc++";
				CLANG_ENABLE_MODULES = YES;
				CLANG_ENABLE_OBJC_ARC = YES;
				CLANG_ENABLE_OBJC_WEAK = YES;
				CLANG_WARN_BLOCK_CAPTURE_AUTORELEASING = YES;
				CLANG_WARN_BOOL_CONVERSION = YES;
				CLANG_WARN_COMMA = YES;
				CLANG_WARN_CONSTANT_CONVERSION = YES;
				CLANG_WARN_DEPRECATED_OBJC_IMPLEMENTATIONS = YES;
				CLANG_WARN_DIRECT_OBJC_ISA_USAGE = YES_ERROR;
				CLANG_WARN_DOCUMENTATION_COMMENTS = YES;
				CLANG_WARN_EMPTY_BODY = YES;
				CLANG_WARN_ENUM_CONVERSION = YES;
				CLANG_WARN_INFINITE_RECURSION = YES;
				CLANG_WARN_INT_CONVERSION = YES;
				CLANG_WARN_NON_LITERAL_NULL_CONVERSION = YES;
				CLANG_WARN_OBJC_IMPLICIT_RETAIN_SELF = YES;
				CLANG_WARN_OBJC_LITERAL_CONVERSION = YES;
				CLANG_WARN_OBJC_ROOT_CLASS = YES_ERROR;
				CLANG_WARN_RANGE_LOOP_ANALYSIS = YES;
				CLANG_WARN_STRICT_PROTOTYPES = YES;
				CLANG_WARN_SUSPICIOUS_MOVE = YES;
				CLANG_WARN_UNGUARDED_AVAILABILITY = YES_AGGRESSIVE;
				CLANG_WARN_UNREACHABLE_CODE = YES;
				CLANG_WARN__DUPLICATE_METHOD_MATCH = YES;
				COPY_PHASE_STRIP = NO;
				DEBUG_INFORMATION_FORMAT = "dwarf-with-dsym";
				ENABLE_NS_ASSERTIONS = NO;
				ENABLE_STRICT_OBJC_MSGSEND = YES;
				GCC_C_LANGUAGE_STANDARD = gnu11;
				GCC_NO_COMMON_BLOCKS = YES;
				GCC_WARN_64_TO_32_BIT_CONVERSION = YES;
				GCC_WARN_ABOUT_RETURN_TYPE = YES_ERROR;
				GCC_WARN_UNDECLARED_SELECTOR = YES;
				GCC_WARN_UNINITIALIZED_AUTOS = YES_AGGRESSIVE;
				GCC_WARN_UNUSED_FUNCTION = YES;
				GCC_WARN_UNUSED_VARIABLE = YES;
				IPHONEOS_DEPLOYMENT_TARGET = 13.1;
				MTL_ENABLE_DEBUG_INFO = NO;
				MTL_FAST_MATH = YES;
				SDKROOT = iphoneos;
				VALIDATE_PRODUCT = YES;
			};
			name = Release;
		};
		6D5429CA23708A0C0059C604 /* Debug */ = {
			isa = XCBuildConfiguration;
			buildSettings = {
				ASSETCATALOG_COMPILER_APPICON_NAME = AppIcon;
				CODE_SIGN_STYLE = Automatic;
				INFOPLIST_FILE = Uiportfolio/Info.plist;
				LD_RUNPATH_SEARCH_PATHS = (
					"$(inherited)",
					"@executable_path/Frameworks",
				);
				PRODUCT_BUNDLE_IDENTIFIER = MCode.Uiportfolio;
				PRODUCT_NAME = "$(TARGET_NAME)";
				TARGETED_DEVICE_FAMILY = 1;
			};
			name = Debug;
		};
		6D5429CB23708A0C0059C604 /* Release */ = {
			isa = XCBuildConfiguration;
			buildSettings = {
				ASSETCATALOG_COMPILER_APPICON_NAME = AppIcon;
				CODE_SIGN_STYLE = Automatic;
				INFOPLIST_FILE = Uiportfolio/Info.plist;
				LD_RUNPATH_SEARCH_PATHS = (
					"$(inherited)",
					"@executable_path/Frameworks",
				);
				PRODUCT_BUNDLE_IDENTIFIER = MCode.Uiportfolio;
				PRODUCT_NAME = "$(TARGET_NAME)";
				TARGETED_DEVICE_FAMILY = 1;
			};
			name = Release;
		};
/* End XCBuildConfiguration section */

/* Begin XCConfigurationList section */
		6D5429AB23708A0A0059C604 /* Build configuration list for PBXProject "Uiportfolio" */ = {
			isa = XCConfigurationList;
			buildConfigurations = (
				6D5429C723708A0C0059C604 /* Debug */,
				6D5429C823708A0C0059C604 /* Release */,
			);
			defaultConfigurationIsVisible = 0;
			defaultConfigurationName = Release;
		};
		6D5429C923708A0C0059C604 /* Build configuration list for PBXNativeTarget "Uiportfolio" */ = {
			isa = XCConfigurationList;
			buildConfigurations = (
				6D5429CA23708A0C0059C604 /* Debug */,
				6D5429CB23708A0C0059C604 /* Release */,
			);
			defaultConfigurationIsVisible = 0;
			defaultConfigurationName = Release;
		};
/* End XCConfigurationList section */
	};
	rootObject = 6D5429A823708A0A0059C604 /* Project object */;
}
